
Microsoft Visual Studio Solution File, Format Version 12.00
Project("{2150E333-8FDC-42A3-9474-1A3956D46DE8}") = "Infrastructure", "Infrastructure", "{20C2FDED-7F78-46AB-8638-B78A7FD329B6}"
EndProject
Project("{2150E333-8FDC-42A3-9474-1A3956D46DE8}") = "Core", "Core", "{84716B03-A0C4-4420-B2DD-2B47AB68702A}"
EndProject
Project("{FAE04EC0-301F-11D3-BF4B-00C04F79EFBC}") = "GymOneBackend.Core", "GymOneBackend.Core\GymOneBackend.Core.csproj", "{83240838-F16B-46C1-A360-C0CD80FDE1CE}"
EndProject
Project("{FAE04EC0-301F-11D3-BF4B-00C04F79EFBC}") = "GymOneBackend.WebAPI", "GymOneBackend.WebAPI\GymOneBackend.WebAPI.csproj", "{4D15A978-BE94-4D4A-8612-04A38F3EC45F}"
EndProject
Project("{FAE04EC0-301F-11D3-BF4B-00C04F79EFBC}") = "GymOneBackend.Domain", "GymOneBackend.Domain\GymOneBackend.Domain.csproj", "{C2950E3C-C843-4EDB-B03A-9ED53F0F28F3}"
EndProject
Project("{FAE04EC0-301F-11D3-BF4B-00C04F79EFBC}") = "GymOneBackend.Repository", "GymOneBackend.Repository\GymOneBackend.Repository.csproj", "{57E451CD-AB7C-4CC4-A969-30DD7F741407}"
EndProject
Global
	GlobalSection(SolutionConfigurationPlatforms) = preSolution
		Debug|Any CPU = Debug|Any CPU
		Release|Any CPU = Release|Any CPU
	EndGlobalSection
	GlobalSection(ProjectConfigurationPlatforms) = postSolution
		{83240838-F16B-46C1-A360-C0CD80FDE1CE}.Debug|Any CPU.ActiveCfg = Debug|Any CPU
		{83240838-F16B-46C1-A360-C0CD80FDE1CE}.Debug|Any CPU.Build.0 = Debug|Any CPU
		{83240838-F16B-46C1-A360-C0CD80FDE1CE}.Release|Any CPU.ActiveCfg = Release|Any CPU
		{83240838-F16B-46C1-A360-C0CD80FDE1CE}.Release|Any CPU.Build.0 = Release|Any CPU
		{4D15A978-BE94-4D4A-8612-04A38F3EC45F}.Debug|Any CPU.ActiveCfg = Debug|Any CPU
		{4D15A978-BE94-4D4A-8612-04A38F3EC45F}.Debug|Any CPU.Build.0 = Debug|Any CPU
		{4D15A978-BE94-4D4A-8612-04A38F3EC45F}.Release|Any CPU.ActiveCfg = Release|Any CPU
		{4D15A978-BE94-4D4A-8612-04A38F3EC45F}.Release|Any CPU.Build.0 = Release|Any CPU
		{C2950E3C-C843-4EDB-B03A-9ED53F0F28F3}.Debug|Any CPU.ActiveCfg = Debug|Any CPU
		{C2950E3C-C843-4EDB-B03A-9ED53F0F28F3}.Debug|Any CPU.Build.0 = Debug|Any CPU
		{C2950E3C-C843-4EDB-B03A-9ED53F0F28F3}.Release|Any CPU.ActiveCfg = Release|Any CPU
		{C2950E3C-C843-4EDB-B03A-9ED53F0F28F3}.Release|Any CPU.Build.0 = Release|Any CPU
		{57E451CD-AB7C-4CC4-A969-30DD7F741407}.Debug|Any CPU.ActiveCfg = Debug|Any CPU
		{57E451CD-AB7C-4CC4-A969-30DD7F741407}.Debug|Any CPU.Build.0 = Debug|Any CPU
		{57E451CD-AB7C-4CC4-A969-30DD7F741407}.Release|Any CPU.ActiveCfg = Release|Any CPU
		{57E451CD-AB7C-4CC4-A969-30DD7F741407}.Release|Any CPU.Build.0 = Release|Any CPU
	EndGlobalSection
	GlobalSection(NestedProjects) = preSolution
		{83240838-F16B-46C1-A360-C0CD80FDE1CE} = {84716B03-A0C4-4420-B2DD-2B47AB68702A}
		{4D15A978-BE94-4D4A-8612-04A38F3EC45F} = {20C2FDED-7F78-46AB-8638-B78A7FD329B6}
		{C2950E3C-C843-4EDB-B03A-9ED53F0F28F3} = {84716B03-A0C4-4420-B2DD-2B47AB68702A}
		{57E451CD-AB7C-4CC4-A969-30DD7F741407} = {20C2FDED-7F78-46AB-8638-B78A7FD329B6}
	EndGlobalSection
EndGlobal
